
Microsoft Visual Studio Solution File, Format Version 12.00
# Visual Studio Version 16
VisualStudioVersion = 16.0.29001.49
MinimumVisualStudioVersion = 10.0.40219.1
Project("{FAE04EC0-301F-11D3-BF4B-00C04F79EFBC}") = "ClassicSort", "ClassicSort\ClassicSort.csproj", "{F5009504-C20F-4500-AE17-95E3584F6493}"
EndProject
Global
	GlobalSection(SolutionConfigurationPlatforms) = preSolution
		Debug|Any CPU = Debug|Any CPU
		Release|Any CPU = Release|Any CPU
	EndGlobalSection
	GlobalSection(ProjectConfigurationPlatforms) = postSolution
		{F5009504-C20F-4500-AE17-95E3584F6493}.Debug|Any CPU.ActiveCfg = Debug|Any CPU
		{F5009504-C20F-4500-AE17-95E3584F6493}.Debug|Any CPU.Build.0 = Debug|Any CPU
		{F5009504-C20F-4500-AE17-95E3584F6493}.Release|Any CPU.ActiveCfg = Release|Any CPU
		{F5009504-C20F-4500-AE17-95E3584F6493}.Release|Any CPU.Build.0 = Release|Any CPU
	EndGlobalSection
	GlobalSection(SolutionProperties) = preSolution
		HideSolutionNode = FALSE
	EndGlobalSection
	GlobalSection(ExtensibilityGlobals) = postSolution
		SolutionGuid = {48EDD138-8DB4-4AB1-8E7D-D798875E6FCA}
	EndGlobalSection
EndGlobal
